
Microsoft Visual Studio Solution File, Format Version 11.00
# Visual Studio 2010
Project("{FAE04EC0-301F-11D3-BF4B-00C04F79EFBC}") = "Assembly-CSharp-firstpass", "Assembly-CSharp-firstpass.csproj", "{d045df27-1cce-a73d-600d-fa8250d56258}"
EndProject
Project("{FAE04EC0-301F-11D3-BF4B-00C04F79EFBC}") = "Assembly-CSharp", "Assembly-CSharp.csproj", "{61358996-eaef-a6a3-bddd-3f667ee815b3}"
EndProject
Project("{FAE04EC0-301F-11D3-BF4B-00C04F79EFBC}") = "Assembly-CSharp-Editor-firstpass", "Assembly-CSharp-Editor-firstpass.csproj", "{8dad22fe-1c88-e566-94c0-18dd254b8dd2}"
EndProject
Project("{FAE04EC0-301F-11D3-BF4B-00C04F79EFBC}") = "Assembly-CSharp-Editor", "Assembly-CSharp-Editor.csproj", "{e75873d2-ca9a-8247-8ef0-70abdae4ab94}"
EndProject
Global
	GlobalSection(SolutionConfigurationPlatforms) = preSolution
		Debug|Any CPU = Debug|Any CPU
	EndGlobalSection
	GlobalSection(ProjectConfigurationPlatforms) = postSolution
		{d045df27-1cce-a73d-600d-fa8250d56258}.Debug|Any CPU.ActiveCfg = Debug|Any CPU
		{d045df27-1cce-a73d-600d-fa8250d56258}.Debug|Any CPU.Build.0 = Debug|Any CPU
		{61358996-eaef-a6a3-bddd-3f667ee815b3}.Debug|Any CPU.ActiveCfg = Debug|Any CPU
		{61358996-eaef-a6a3-bddd-3f667ee815b3}.Debug|Any CPU.Build.0 = Debug|Any CPU
		{8dad22fe-1c88-e566-94c0-18dd254b8dd2}.Debug|Any CPU.ActiveCfg = Debug|Any CPU
		{8dad22fe-1c88-e566-94c0-18dd254b8dd2}.Debug|Any CPU.Build.0 = Debug|Any CPU
		{e75873d2-ca9a-8247-8ef0-70abdae4ab94}.Debug|Any CPU.ActiveCfg = Debug|Any CPU
		{e75873d2-ca9a-8247-8ef0-70abdae4ab94}.Debug|Any CPU.Build.0 = Debug|Any CPU
	EndGlobalSection
	GlobalSection(SolutionProperties) = preSolution
		HideSolutionNode = FALSE
	EndGlobalSection
EndGlobal
